
Microsoft Visual Studio Solution File, Format Version 12.00
# Visual Studio Version 17
VisualStudioVersion = 17.2.32630.192
MinimumVisualStudioVersion = 10.0.40219.1
Project("{9A19103F-16F7-4668-BE54-9A1E7A4F7556}") = "AlgDataAPI", "src\AlgDataAPI\AlgDataAPI.csproj", "{36814E03-C4C6-4360-89A2-42B5A40FE39C}"
EndProject
Global
	GlobalSection(SolutionConfigurationPlatforms) = preSolution
		Debug|Any CPU = Debug|Any CPU
		Release|Any CPU = Release|Any CPU
	EndGlobalSection
	GlobalSection(ProjectConfigurationPlatforms) = postSolution
		{36814E03-C4C6-4360-89A2-42B5A40FE39C}.Debug|Any CPU.ActiveCfg = Debug|Any CPU
		{36814E03-C4C6-4360-89A2-42B5A40FE39C}.Debug|Any CPU.Build.0 = Debug|Any CPU
		{36814E03-C4C6-4360-89A2-42B5A40FE39C}.Release|Any CPU.ActiveCfg = Release|Any CPU
		{36814E03-C4C6-4360-89A2-42B5A40FE39C}.Release|Any CPU.Build.0 = Release|Any CPU
	EndGlobalSection
	GlobalSection(SolutionProperties) = preSolution
		HideSolutionNode = FALSE
	EndGlobalSection
	GlobalSection(ExtensibilityGlobals) = postSolution
		SolutionGuid = {62F7751C-36EB-400A-BCD8-13640A62B106}
	EndGlobalSection
EndGlobal
