
Microsoft Visual Studio Solution File, Format Version 12.00
# Visual Studio Version 17
VisualStudioVersion = 17.2.32630.192
MinimumVisualStudioVersion = 10.0.40219.1
Project("{9A19103F-16F7-4668-BE54-9A1E7A4F7556}") = "AlgDataGateway", "src\AlgDataGatewayAPI\AlgDataGateway\AlgDataGateway.csproj", "{A81FCC90-61AD-45CF-B6BB-86D01BDA84FB}"
EndProject
Project("{9A19103F-16F7-4668-BE54-9A1E7A4F7556}") = "AlgorithmAPI", "src\AlgorithmAPI\AlgorithmAPI.csproj", "{4E995733-22ED-482E-9EFA-DFE46AF102F1}"
EndProject
Project("{9A19103F-16F7-4668-BE54-9A1E7A4F7556}") = "AlgorithmAPI.Client", "src\AlgorithmAPI.Client\AlgorithmAPI.Client.csproj", "{203B2AE7-4AA9-490C-8FFA-B200F2069708}"
EndProject
Project("{9A19103F-16F7-4668-BE54-9A1E7A4F7556}") = "DataStructureAPI", "src\DataStructureAPI\DataStructureAPI.csproj", "{489EC2B6-58FC-48D6-AED3-04617D91CF52}"
EndProject
Project("{E53339B2-1760-4266-BCC7-CA923CBCF16C}") = "docker-compose", "docker-compose.dcproj", "{07DBE777-7961-430E-AEAA-E00F12562525}"
EndProject
Project("{9A19103F-16F7-4668-BE54-9A1E7A4F7556}") = "CalculationAPI", "src\CalculationAPI\CalculationAPI.csproj", "{7C109CD9-356D-464A-B745-AAAD2FBDBA1D}"
EndProject
Global
	GlobalSection(SolutionConfigurationPlatforms) = preSolution
		Debug|Any CPU = Debug|Any CPU
		Release|Any CPU = Release|Any CPU
	EndGlobalSection
	GlobalSection(ProjectConfigurationPlatforms) = postSolution
		{A81FCC90-61AD-45CF-B6BB-86D01BDA84FB}.Debug|Any CPU.ActiveCfg = Debug|Any CPU
		{A81FCC90-61AD-45CF-B6BB-86D01BDA84FB}.Debug|Any CPU.Build.0 = Debug|Any CPU
		{A81FCC90-61AD-45CF-B6BB-86D01BDA84FB}.Release|Any CPU.ActiveCfg = Release|Any CPU
		{A81FCC90-61AD-45CF-B6BB-86D01BDA84FB}.Release|Any CPU.Build.0 = Release|Any CPU
		{4E995733-22ED-482E-9EFA-DFE46AF102F1}.Debug|Any CPU.ActiveCfg = Debug|Any CPU
		{4E995733-22ED-482E-9EFA-DFE46AF102F1}.Debug|Any CPU.Build.0 = Debug|Any CPU
		{4E995733-22ED-482E-9EFA-DFE46AF102F1}.Release|Any CPU.ActiveCfg = Release|Any CPU
		{4E995733-22ED-482E-9EFA-DFE46AF102F1}.Release|Any CPU.Build.0 = Release|Any CPU
		{203B2AE7-4AA9-490C-8FFA-B200F2069708}.Debug|Any CPU.ActiveCfg = Debug|Any CPU
		{203B2AE7-4AA9-490C-8FFA-B200F2069708}.Debug|Any CPU.Build.0 = Debug|Any CPU
		{203B2AE7-4AA9-490C-8FFA-B200F2069708}.Release|Any CPU.ActiveCfg = Release|Any CPU
		{203B2AE7-4AA9-490C-8FFA-B200F2069708}.Release|Any CPU.Build.0 = Release|Any CPU
		{489EC2B6-58FC-48D6-AED3-04617D91CF52}.Debug|Any CPU.ActiveCfg = Debug|Any CPU
		{489EC2B6-58FC-48D6-AED3-04617D91CF52}.Debug|Any CPU.Build.0 = Debug|Any CPU
		{489EC2B6-58FC-48D6-AED3-04617D91CF52}.Release|Any CPU.ActiveCfg = Release|Any CPU
		{489EC2B6-58FC-48D6-AED3-04617D91CF52}.Release|Any CPU.Build.0 = Release|Any CPU
		{07DBE777-7961-430E-AEAA-E00F12562525}.Debug|Any CPU.ActiveCfg = Debug|Any CPU
		{07DBE777-7961-430E-AEAA-E00F12562525}.Debug|Any CPU.Build.0 = Debug|Any CPU
		{07DBE777-7961-430E-AEAA-E00F12562525}.Release|Any CPU.ActiveCfg = Release|Any CPU
		{07DBE777-7961-430E-AEAA-E00F12562525}.Release|Any CPU.Build.0 = Release|Any CPU
		{7C109CD9-356D-464A-B745-AAAD2FBDBA1D}.Debug|Any CPU.ActiveCfg = Debug|Any CPU
		{7C109CD9-356D-464A-B745-AAAD2FBDBA1D}.Debug|Any CPU.Build.0 = Debug|Any CPU
		{7C109CD9-356D-464A-B745-AAAD2FBDBA1D}.Release|Any CPU.ActiveCfg = Release|Any CPU
		{7C109CD9-356D-464A-B745-AAAD2FBDBA1D}.Release|Any CPU.Build.0 = Release|Any CPU
	EndGlobalSection
	GlobalSection(SolutionProperties) = preSolution
		HideSolutionNode = FALSE
	EndGlobalSection
	GlobalSection(ExtensibilityGlobals) = postSolution
		SolutionGuid = {62F7751C-36EB-400A-BCD8-13640A62B106}
	EndGlobalSection
EndGlobal
