
Microsoft Visual Studio Solution File, Format Version 12.00
# Visual Studio Version 17
VisualStudioVersion = 17.2.32630.192
MinimumVisualStudioVersion = 10.0.40219.1
Project("{9A19103F-16F7-4668-BE54-9A1E7A4F7556}") = "AlgDataGateway", "src\AlgDataGatewayAPI\AlgDataGateway\AlgDataGateway.csproj", "{A81FCC90-61AD-45CF-B6BB-86D01BDA84FB}"
EndProject
Project("{FAE04EC0-301F-11D3-BF4B-00C04F79EFBC}") = "DataStructureAPI", "DataStructureAPI\DataStructureAPI.csproj", "{5E58E680-C05D-43B7-B1F0-ABE0DAD58DC7}"
EndProject
Project("{FAE04EC0-301F-11D3-BF4B-00C04F79EFBC}") = "AlgorithmAPI", "AlgorithmAPI\AlgorithmAPI.csproj", "{F9438851-CDD7-4A7F-BE3E-4A86927CE8F1}"
EndProject
Global
	GlobalSection(SolutionConfigurationPlatforms) = preSolution
		Debug|Any CPU = Debug|Any CPU
		Release|Any CPU = Release|Any CPU
	EndGlobalSection
	GlobalSection(ProjectConfigurationPlatforms) = postSolution
		{A81FCC90-61AD-45CF-B6BB-86D01BDA84FB}.Debug|Any CPU.ActiveCfg = Debug|Any CPU
		{A81FCC90-61AD-45CF-B6BB-86D01BDA84FB}.Debug|Any CPU.Build.0 = Debug|Any CPU
		{A81FCC90-61AD-45CF-B6BB-86D01BDA84FB}.Release|Any CPU.ActiveCfg = Release|Any CPU
		{A81FCC90-61AD-45CF-B6BB-86D01BDA84FB}.Release|Any CPU.Build.0 = Release|Any CPU
		{5E58E680-C05D-43B7-B1F0-ABE0DAD58DC7}.Debug|Any CPU.ActiveCfg = Debug|Any CPU
		{5E58E680-C05D-43B7-B1F0-ABE0DAD58DC7}.Debug|Any CPU.Build.0 = Debug|Any CPU
		{5E58E680-C05D-43B7-B1F0-ABE0DAD58DC7}.Release|Any CPU.ActiveCfg = Release|Any CPU
		{5E58E680-C05D-43B7-B1F0-ABE0DAD58DC7}.Release|Any CPU.Build.0 = Release|Any CPU
		{F9438851-CDD7-4A7F-BE3E-4A86927CE8F1}.Debug|Any CPU.ActiveCfg = Debug|Any CPU
		{F9438851-CDD7-4A7F-BE3E-4A86927CE8F1}.Debug|Any CPU.Build.0 = Debug|Any CPU
		{F9438851-CDD7-4A7F-BE3E-4A86927CE8F1}.Release|Any CPU.ActiveCfg = Release|Any CPU
		{F9438851-CDD7-4A7F-BE3E-4A86927CE8F1}.Release|Any CPU.Build.0 = Release|Any CPU
	EndGlobalSection
	GlobalSection(SolutionProperties) = preSolution
		HideSolutionNode = FALSE
	EndGlobalSection
	GlobalSection(ExtensibilityGlobals) = postSolution
		SolutionGuid = {62F7751C-36EB-400A-BCD8-13640A62B106}
	EndGlobalSection
EndGlobal
